
Microsoft Visual Studio Solution File, Format Version 12.00
# Visual Studio 15
VisualStudioVersion = 15.0.28010.2036
MinimumVisualStudioVersion = 10.0.40219.1
Project("{FAE04EC0-301F-11D3-BF4B-00C04F79EFBC}") = "App4", "App4\App4.csproj", "{07FB842C-62FA-4A0C-85EF-B1D007685961}"
EndProject
Global
	GlobalSection(SolutionConfigurationPlatforms) = preSolution
		Debug|Any CPU = Debug|Any CPU
		Release|Any CPU = Release|Any CPU
	EndGlobalSection
	GlobalSection(ProjectConfigurationPlatforms) = postSolution
		{07FB842C-62FA-4A0C-85EF-B1D007685961}.Debug|Any CPU.ActiveCfg = Debug|Any CPU
		{07FB842C-62FA-4A0C-85EF-B1D007685961}.Debug|Any CPU.Build.0 = Debug|Any CPU
		{07FB842C-62FA-4A0C-85EF-B1D007685961}.Debug|Any CPU.Deploy.0 = Debug|Any CPU
		{07FB842C-62FA-4A0C-85EF-B1D007685961}.Release|Any CPU.ActiveCfg = Release|Any CPU
		{07FB842C-62FA-4A0C-85EF-B1D007685961}.Release|Any CPU.Build.0 = Release|Any CPU
		{07FB842C-62FA-4A0C-85EF-B1D007685961}.Release|Any CPU.Deploy.0 = Release|Any CPU
	EndGlobalSection
	GlobalSection(SolutionProperties) = preSolution
		HideSolutionNode = FALSE
	EndGlobalSection
	GlobalSection(ExtensibilityGlobals) = postSolution
		SolutionGuid = {97F67061-146C-4AE5-B336-9110298E8AF6}
	EndGlobalSection
EndGlobal
